
Microsoft Visual Studio Solution File, Format Version 12.00
# Visual Studio Version 16
VisualStudioVersion = 16.0.29728.190
MinimumVisualStudioVersion = 10.0.40219.1
Project("{FAE04EC0-301F-11D3-BF4B-00C04F79EFBC}") = "Todo", "Todo.csproj", "{E45A7506-80FB-4303-8AC6-BEBD8C03803C}"
EndProject
Project("{FAE04EC0-301F-11D3-BF4B-00C04F79EFBC}") = "Todo.Tests", "..\Todo.Tests\Todo.Tests.csproj", "{1FB8D08E-BDE4-402C-AD51-A945035EAD15}"
EndProject
Global
	GlobalSection(SolutionConfigurationPlatforms) = preSolution
		Debug|Any CPU = Debug|Any CPU
		Release|Any CPU = Release|Any CPU
	EndGlobalSection
	GlobalSection(ProjectConfigurationPlatforms) = postSolution
		{E45A7506-80FB-4303-8AC6-BEBD8C03803C}.Debug|Any CPU.ActiveCfg = Debug|Any CPU
		{E45A7506-80FB-4303-8AC6-BEBD8C03803C}.Debug|Any CPU.Build.0 = Debug|Any CPU
		{E45A7506-80FB-4303-8AC6-BEBD8C03803C}.Release|Any CPU.ActiveCfg = Release|Any CPU
		{E45A7506-80FB-4303-8AC6-BEBD8C03803C}.Release|Any CPU.Build.0 = Release|Any CPU
		{1FB8D08E-BDE4-402C-AD51-A945035EAD15}.Debug|Any CPU.ActiveCfg = Debug|Any CPU
		{1FB8D08E-BDE4-402C-AD51-A945035EAD15}.Debug|Any CPU.Build.0 = Debug|Any CPU
		{1FB8D08E-BDE4-402C-AD51-A945035EAD15}.Release|Any CPU.ActiveCfg = Release|Any CPU
		{1FB8D08E-BDE4-402C-AD51-A945035EAD15}.Release|Any CPU.Build.0 = Release|Any CPU
	EndGlobalSection
	GlobalSection(SolutionProperties) = preSolution
		HideSolutionNode = FALSE
	EndGlobalSection
	GlobalSection(ExtensibilityGlobals) = postSolution
		SolutionGuid = {2F100DFD-1CA8-4539-8A59-3C390960531E}
	EndGlobalSection
EndGlobal
